Microsoft Visual Studio Solution File, Format Version 12.00
# Visual Studio 16
Project("{8BC9CEB8-8B4A-11D0-8D11-00A0C91BC942}") = "ALL_BUILD", "ALL_BUILD.vcxproj", "{86945392-9656-3A23-8F36-E57558494671}"
	ProjectSection(ProjectDependencies) = postProject
		{CCE5441E-6C10-37EC-8102-9181C40B02EF} = {CCE5441E-6C10-37EC-8102-9181C40B02EF}
		{FD0F5C1C-D4BF-3247-BEA4-3F8EA223F14B} = {FD0F5C1C-D4BF-3247-BEA4-3F8EA223F14B}
	EndProjectSection
EndProject
Project("{8BC9CEB8-8B4A-11D0-8D11-00A0C91BC942}") = "ZERO_CHECK", "ZERO_CHECK.vcxproj", "{CCE5441E-6C10-37EC-8102-9181C40B02EF}"
	ProjectSection(ProjectDependencies) = postProject
	EndProjectSection
EndProject
Project("{8BC9CEB8-8B4A-11D0-8D11-00A0C91BC942}") = "pin", "pin.vcxproj", "{FD0F5C1C-D4BF-3247-BEA4-3F8EA223F14B}"
	ProjectSection(ProjectDependencies) = postProject
		{CCE5441E-6C10-37EC-8102-9181C40B02EF} = {CCE5441E-6C10-37EC-8102-9181C40B02EF}
	EndProjectSection
EndProject
Global
	GlobalSection(SolutionConfigurationPlatforms) = preSolution
		Debug|x64 = Debug|x64
		Release|x64 = Release|x64
		MinSizeRel|x64 = MinSizeRel|x64
		RelWithDebInfo|x64 = RelWithDebInfo|x64
	EndGlobalSection
	GlobalSection(ProjectConfigurationPlatforms) = postSolution
		{86945392-9656-3A23-8F36-E57558494671}.Debug|x64.ActiveCfg = Debug|x64
		{86945392-9656-3A23-8F36-E57558494671}.Release|x64.ActiveCfg = Release|x64
		{86945392-9656-3A23-8F36-E57558494671}.MinSizeRel|x64.ActiveCfg = MinSizeRel|x64
		{86945392-9656-3A23-8F36-E57558494671}.RelWithDebInfo|x64.ActiveCfg = RelWithDebInfo|x64
		{CCE5441E-6C10-37EC-8102-9181C40B02EF}.Debug|x64.ActiveCfg = Debug|x64
		{CCE5441E-6C10-37EC-8102-9181C40B02EF}.Debug|x64.Build.0 = Debug|x64
		{CCE5441E-6C10-37EC-8102-9181C40B02EF}.Release|x64.ActiveCfg = Release|x64
		{CCE5441E-6C10-37EC-8102-9181C40B02EF}.Release|x64.Build.0 = Release|x64
		{CCE5441E-6C10-37EC-8102-9181C40B02EF}.MinSizeRel|x64.ActiveCfg = MinSizeRel|x64
		{CCE5441E-6C10-37EC-8102-9181C40B02EF}.MinSizeRel|x64.Build.0 = MinSizeRel|x64
		{CCE5441E-6C10-37EC-8102-9181C40B02EF}.RelWithDebInfo|x64.ActiveCfg = RelWithDebInfo|x64
		{CCE5441E-6C10-37EC-8102-9181C40B02EF}.RelWithDebInfo|x64.Build.0 = RelWithDebInfo|x64
		{FD0F5C1C-D4BF-3247-BEA4-3F8EA223F14B}.Debug|x64.ActiveCfg = Debug|x64
		{FD0F5C1C-D4BF-3247-BEA4-3F8EA223F14B}.Debug|x64.Build.0 = Debug|x64
		{FD0F5C1C-D4BF-3247-BEA4-3F8EA223F14B}.Release|x64.ActiveCfg = Release|x64
		{FD0F5C1C-D4BF-3247-BEA4-3F8EA223F14B}.Release|x64.Build.0 = Release|x64
		{FD0F5C1C-D4BF-3247-BEA4-3F8EA223F14B}.MinSizeRel|x64.ActiveCfg = MinSizeRel|x64
		{FD0F5C1C-D4BF-3247-BEA4-3F8EA223F14B}.MinSizeRel|x64.Build.0 = MinSizeRel|x64
		{FD0F5C1C-D4BF-3247-BEA4-3F8EA223F14B}.RelWithDebInfo|x64.ActiveCfg = RelWithDebInfo|x64
		{FD0F5C1C-D4BF-3247-BEA4-3F8EA223F14B}.RelWithDebInfo|x64.Build.0 = RelWithDebInfo|x64
	EndGlobalSection
	GlobalSection(ExtensibilityGlobals) = postSolution
		SolutionGuid = {D9983E1A-AB76-3395-9C58-77C22DECBAED}
	EndGlobalSection
	GlobalSection(ExtensibilityAddIns) = postSolution
	EndGlobalSection
EndGlobal
