<?xml version="1.0" encoding="utf-8"?>
<Project ToolsVersion="16.0" xmlns="http://schemas.microsoft.com/developer/msbuild/2003">
  <ItemGroup>
    <CustomBuild Include="C:\Users\pi\Desktop\Aurilius\CMakeFiles\fbb7cbce54567b309389ffb3d10c6f4a\generate.stamp.rule">
      <Filter>CMake Rules</Filter>
    </CustomBuild>
  </ItemGroup>
  <ItemGroup>
    <Filter Include="CMake Rules">
      <UniqueIdentifier>{D9336F0F-5741-39E7-89C7-A95CEDF882DD}</UniqueIdentifier>
    </Filter>
  </ItemGroup>
</Project>
